
Microsoft Visual Studio Solution File, Format Version 12.00
# Visual Studio 15
VisualStudioVersion = 15.0.26730.16
MinimumVisualStudioVersion = 10.0.40219.1
Project("{FAE04EC0-301F-11D3-BF4B-00C04F79EFBC}") = "Mysql.Data.Core", "Mysql.Data.Core\Mysql.Data.Core.csproj", "{0CF4FC75-C045-48F8-8644-0061DCE23A84}"
EndProject
Global
	GlobalSection(SolutionConfigurationPlatforms) = preSolution
		Debug|Any CPU = Debug|Any CPU
		Release|Any CPU = Release|Any CPU
	EndGlobalSection
	GlobalSection(ProjectConfigurationPlatforms) = postSolution
		{0CF4FC75-C045-48F8-8644-0061DCE23A84}.Debug|Any CPU.ActiveCfg = Debug|Any CPU
		{0CF4FC75-C045-48F8-8644-0061DCE23A84}.Debug|Any CPU.Build.0 = Debug|Any CPU
		{0CF4FC75-C045-48F8-8644-0061DCE23A84}.Release|Any CPU.ActiveCfg = Release|Any CPU
		{0CF4FC75-C045-48F8-8644-0061DCE23A84}.Release|Any CPU.Build.0 = Release|Any CPU
	EndGlobalSection
	GlobalSection(SolutionProperties) = preSolution
		HideSolutionNode = FALSE
	EndGlobalSection
	GlobalSection(ExtensibilityGlobals) = postSolution
		SolutionGuid = {A373CCE8-9C67-4867-BB16-7750E4A71A27}
	EndGlobalSection
EndGlobal
